
Microsoft Visual Studio Solution File, Format Version 12.00
# Visual Studio Version 17
VisualStudioVersion = 17.13.35919.96 d17.13
MinimumVisualStudioVersion = 10.0.40219.1
Project("{FAE04EC0-301F-11D3-BF4B-00C04F79EFBC}") = "QuishpeS-Prueba", "QuishpeS-Prueba\QuishpeS-Prueba.csproj", "{0D3602D3-5688-4E12-BBFE-B5DF376C9C6A}"
EndProject
Global
	GlobalSection(SolutionConfigurationPlatforms) = preSolution
		Debug|Any CPU = Debug|Any CPU
		Release|Any CPU = Release|Any CPU
	EndGlobalSection
	GlobalSection(ProjectConfigurationPlatforms) = postSolution
		{0D3602D3-5688-4E12-BBFE-B5DF376C9C6A}.Debug|Any CPU.ActiveCfg = Debug|Any CPU
		{0D3602D3-5688-4E12-BBFE-B5DF376C9C6A}.Debug|Any CPU.Build.0 = Debug|Any CPU
		{0D3602D3-5688-4E12-BBFE-B5DF376C9C6A}.Release|Any CPU.ActiveCfg = Release|Any CPU
		{0D3602D3-5688-4E12-BBFE-B5DF376C9C6A}.Release|Any CPU.Build.0 = Release|Any CPU
	EndGlobalSection
	GlobalSection(SolutionProperties) = preSolution
		HideSolutionNode = FALSE
	EndGlobalSection
	GlobalSection(ExtensibilityGlobals) = postSolution
		SolutionGuid = {0CD223D5-12FD-4E5A-8FBA-614A73C2FA74}
	EndGlobalSection
EndGlobal
